
Microsoft Visual Studio Solution File, Format Version 12.00
# Visual Studio Version 17
VisualStudioVersion = 17.7.34018.315
MinimumVisualStudioVersion = 10.0.40219.1
Project("{FAE04EC0-301F-11D3-BF4B-00C04F79EFBC}") = "BASAMAK_SAYİLARİNİN_KUP_TOPLAMİ", "BASAMAK_SAYİLARİNİN_KUP_TOPLAMİ\BASAMAK_SAYİLARİNİN_KUP_TOPLAMİ.csproj", "{7C6BE287-9803-4EF8-A8D6-6C358A1AF483}"
EndProject
Global
	GlobalSection(SolutionConfigurationPlatforms) = preSolution
		Debug|Any CPU = Debug|Any CPU
		Release|Any CPU = Release|Any CPU
	EndGlobalSection
	GlobalSection(ProjectConfigurationPlatforms) = postSolution
		{7C6BE287-9803-4EF8-A8D6-6C358A1AF483}.Debug|Any CPU.ActiveCfg = Debug|Any CPU
		{7C6BE287-9803-4EF8-A8D6-6C358A1AF483}.Debug|Any CPU.Build.0 = Debug|Any CPU
		{7C6BE287-9803-4EF8-A8D6-6C358A1AF483}.Release|Any CPU.ActiveCfg = Release|Any CPU
		{7C6BE287-9803-4EF8-A8D6-6C358A1AF483}.Release|Any CPU.Build.0 = Release|Any CPU
	EndGlobalSection
	GlobalSection(SolutionProperties) = preSolution
		HideSolutionNode = FALSE
	EndGlobalSection
	GlobalSection(ExtensibilityGlobals) = postSolution
		SolutionGuid = {71D6A626-C73A-4175-A997-D38D1085A9A2}
	EndGlobalSection
EndGlobal
